
Microsoft Visual Studio Solution File, Format Version 12.00
# Visual Studio Version 17
VisualStudioVersion = 17.2.32616.157
MinimumVisualStudioVersion = 10.0.40219.1
Project("{FAE04EC0-301F-11D3-BF4B-00C04F79EFBC}") = "AstroMathDriver", "AstroMathDriver\AstroMathDriver.csproj", "{FADE011C-B6D6-4B64-B1E6-F7C817DE9E47}"
EndProject
Global
	GlobalSection(SolutionConfigurationPlatforms) = preSolution
		Debug|Any CPU = Debug|Any CPU
		Release|Any CPU = Release|Any CPU
	EndGlobalSection
	GlobalSection(ProjectConfigurationPlatforms) = postSolution
		{FADE011C-B6D6-4B64-B1E6-F7C817DE9E47}.Debug|Any CPU.ActiveCfg = Debug|Any CPU
		{FADE011C-B6D6-4B64-B1E6-F7C817DE9E47}.Debug|Any CPU.Build.0 = Debug|Any CPU
		{FADE011C-B6D6-4B64-B1E6-F7C817DE9E47}.Release|Any CPU.ActiveCfg = Release|Any CPU
		{FADE011C-B6D6-4B64-B1E6-F7C817DE9E47}.Release|Any CPU.Build.0 = Release|Any CPU
	EndGlobalSection
	GlobalSection(SolutionProperties) = preSolution
		HideSolutionNode = FALSE
	EndGlobalSection
	GlobalSection(ExtensibilityGlobals) = postSolution
		SolutionGuid = {CC539876-F7D1-4D37-901B-022071E5CA93}
	EndGlobalSection
EndGlobal
